PODS:
  - Kingfisher (5.15.0):
    - Kingfisher/Core (= 5.15.0)
  - Kingfisher/Core (5.15.0)

DEPENDENCIES:
  - Kingfisher (~> 5.0)

SPEC REPOS:
  trunk:
    - Kingfisher

SPEC CHECKSUMS:
  Kingfisher: 1acb67597a520c2d0310677e66d6e0af455ef757

PODFILE CHECKSUM: 426f8017f90ae9a2da1b0b4907d53cc07d2c4a8c

COCOAPODS: 1.9.3
